
Microsoft Visual Studio Solution File, Format Version 12.00
# Visual Studio 15
VisualStudioVersion = 15.0.28307.136
MinimumVisualStudioVersion = 10.0.40219.1
Project("{FAE04EC0-301F-11D3-BF4B-00C04F79EFBC}") = "TestLibrary", "TestLibrary\TestLibrary.csproj", "{03A0C7FE-D4EC-411C-821F-8E761DC075AF}"
EndProject
Project("{FAE04EC0-301F-11D3-BF4B-00C04F79EFBC}") = "WcfService", "WcfService\WcfService.csproj", "{DA28091B-3ED7-49EF-8EB3-83AF09934848}"
EndProject
Project("{FAE04EC0-301F-11D3-BF4B-00C04F79EFBC}") = "DAL", "DAL\DAL.csproj", "{4C1D94BB-8A63-4EB7-857C-0AF06B283893}"
EndProject
Project("{FAE04EC0-301F-11D3-BF4B-00C04F79EFBC}") = "BLL", "BLL\BLL.csproj", "{B4A26C69-49B2-4196-950D-458C4835F4CB}"
EndProject
Global
	GlobalSection(SolutionConfigurationPlatforms) = preSolution
		Debug|Any CPU = Debug|Any CPU
		Release|Any CPU = Release|Any CPU
	EndGlobalSection
	GlobalSection(ProjectConfigurationPlatforms) = postSolution
		{03A0C7FE-D4EC-411C-821F-8E761DC075AF}.Debug|Any CPU.ActiveCfg = Debug|Any CPU
		{03A0C7FE-D4EC-411C-821F-8E761DC075AF}.Debug|Any CPU.Build.0 = Debug|Any CPU
		{03A0C7FE-D4EC-411C-821F-8E761DC075AF}.Release|Any CPU.ActiveCfg = Release|Any CPU
		{03A0C7FE-D4EC-411C-821F-8E761DC075AF}.Release|Any CPU.Build.0 = Release|Any CPU
		{DA28091B-3ED7-49EF-8EB3-83AF09934848}.Debug|Any CPU.ActiveCfg = Debug|Any CPU
		{DA28091B-3ED7-49EF-8EB3-83AF09934848}.Debug|Any CPU.Build.0 = Debug|Any CPU
		{DA28091B-3ED7-49EF-8EB3-83AF09934848}.Release|Any CPU.ActiveCfg = Release|Any CPU
		{DA28091B-3ED7-49EF-8EB3-83AF09934848}.Release|Any CPU.Build.0 = Release|Any CPU
		{4C1D94BB-8A63-4EB7-857C-0AF06B283893}.Debug|Any CPU.ActiveCfg = Debug|Any CPU
		{4C1D94BB-8A63-4EB7-857C-0AF06B283893}.Debug|Any CPU.Build.0 = Debug|Any CPU
		{4C1D94BB-8A63-4EB7-857C-0AF06B283893}.Release|Any CPU.ActiveCfg = Release|Any CPU
		{4C1D94BB-8A63-4EB7-857C-0AF06B283893}.Release|Any CPU.Build.0 = Release|Any CPU
		{B4A26C69-49B2-4196-950D-458C4835F4CB}.Debug|Any CPU.ActiveCfg = Debug|Any CPU
		{B4A26C69-49B2-4196-950D-458C4835F4CB}.Debug|Any CPU.Build.0 = Debug|Any CPU
		{B4A26C69-49B2-4196-950D-458C4835F4CB}.Release|Any CPU.ActiveCfg = Release|Any CPU
		{B4A26C69-49B2-4196-950D-458C4835F4CB}.Release|Any CPU.Build.0 = Release|Any CPU
	EndGlobalSection
	GlobalSection(SolutionProperties) = preSolution
		HideSolutionNode = FALSE
	EndGlobalSection
	GlobalSection(ExtensibilityGlobals) = postSolution
		SolutionGuid = {EFF931BF-696F-4412-BCB0-F78E92F6665C}
	EndGlobalSection
EndGlobal
